{
  "name": "band-kungfu",
  "lockfileVersion": 3,
  "requires": true,
  "packages": {
    "": {
      "name": "band-kungfu",
      "dependencies": {
        "@band-ai/sdk": "^0.6.0",
        "openai": "^7.30.0",
        "zod": "^4.6.5"
      }
    },
    "node_modules/@band-ai/band-sdk-core": {
      "version": "2.8.0",
      "resolved": "https://registry.npmjs.org/@band-ai/band-sdk-core/-/band-sdk-core-2.8.0.tgz",
      "integrity": "sha512-IP9DYq01pt/kSznUN0nbDjLKnAS+KOtOXDvgPeK5yH6/AQNd52fFCPxrrOi6ZdAMMOVqS/PNVLtCkM0DbkT8Vw==",
      "license": "MIT"
    },
    "node_modules/@band-ai/rest-client": {
      "version": "0.0.146",
      "resolved": "https://registry.npmjs.org/@band-ai/rest-client/-/rest-client-0.0.146.tgz",
      "integrity": "sha512-dxPAQFYYth587MZ3kybxUNjaamNq2tFISd6L+FNoyxJgXmn/dyMOZjzuQa369QSI2HapnloDPLHpUBXTtw3bvQ==",
      "engines": {
        "node": ">=18.0.0"
      }
    },
    "node_modules/@band-ai/sdk": {
      "version": "0.6.0",
      "resolved": "https://registry.npmjs.org/@band-ai/sdk/-/sdk-0.6.0.tgz",
      "integrity": "sha512-LdVW8HuZHwyBnEsBA8cNdLlCoebVH4YWtYSdcPgOU+iMv7bs4Wca+PKGHhsVA1rDiKUOwM+kJCLR/dcsgimeUw==",
      "license": "MIT",
      "dependencies": {
        "@band-ai/band-sdk-core": "2.8.0",
        "@band-ai/rest-client": "0.0.146",
        "js-yaml": "^5.4.2",
        "phoenix": "^1.8.14",
        "ws": "^8.21.3",
        "zod": "^4.6.5"
      },
      "engines": {
        "node": ">=22.12"
      },
      "peerDependencies": {
        "@a2a-js/sdk": ">=0.3.10",
        "@agentclientprotocol/sdk": ">=1.4.0",
        "@anthropic-ai/claude-agent-sdk": ">=0.3.224",
        "@anthropic-ai/sdk": ">=0.78.0",
        "@google/adk": ">=0.5.0",
        "@google/genai": ">=1.44.0",
        "@langchain/core": ">=1.1.31",
        "@langchain/langgraph": ">=1.2.0",
        "@letta-ai/letta-client": ">=1.7.0",
        "@linear/sdk": ">=76.0.0",
        "@modelcontextprotocol/sdk": ">=1.23.0",
        "@openai/codex-sdk": ">=0.107.0",
        "@opencode-ai/sdk": ">=1.3.0",
        "ai": ">=6.0.137",
        "express": ">=5.2.1",
        "openai": ">=6.27.0",
        "parlant-client": ">=3.2.0"
      },
      "peerDependenciesMeta": {
        "@a2a-js/sdk": {
          "optional": true
        },
        "@agentclientprotocol/sdk": {
          "optional": true
        },
        "@anthropic-ai/claude-agent-sdk": {
          "optional": true
        },
        "@anthropic-ai/sdk": {
          "optional": true
        },
        "@google/adk": {
          "optional": true
        },
        "@google/genai": {
          "optional": true
        },
        "@langchain/core": {
          "optional": true
        },
        "@langchain/langgraph": {
          "optional": true
        },
        "@letta-ai/letta-client": {
          "optional": true
        },
        "@linear/sdk": {
          "optional": true
        },
        "@modelcontextprotocol/sdk": {
          "optional": true
        },
        "@openai/codex-sdk": {
          "optional": true
        },
        "@opencode-ai/sdk": {
          "optional": true
        },
        "ai": {
          "optional": true
        },
        "express": {
          "optional": true
        },
        "openai": {
          "optional": true
        },
        "parlant-client": {
          "optional": true
        }
      }
    },
    "node_modules/argparse": {
      "version": "2.0.1",
      "resolved": "https://registry.npmjs.org/argparse/-/argparse-2.0.1.tgz",
      "integrity": "sha512-8+9WqebbFzpX9OR+Wa6O29asIogeRMzcGtAINdpMHHyAg10f05aSFVBbcEqGf/PXw1EjAZ+q2/bEBg3DvurK3Q==",
      "license": "Python-2.0"
    },
    "node_modules/js-yaml": {
      "version": "5.4.3",
      "resolved": "https://registry.npmjs.org/js-yaml/-/js-yaml-5.4.3.tgz",
      "integrity": "sha512-yzzNtgczwgoVHNigCyKTXcQJU4Y8t/ikU4UxXW0BvrLfHTGWZhsNcOT2s/a7vn81/4KqVnNmHjaUEPlvWnNwVw==",
      "funding": [
        {
          "type": "github",
          "url": "https://github.com/sponsors/puzrin"
        },
        {
          "type": "github",
          "url": "https://github.com/sponsors/nodeca"
        }
      ],
      "license": "MIT",
      "dependencies": {
        "argparse": "^2.0.1"
      },
      "bin": {
        "js-yaml": "bin/js-yaml.mjs"
      }
    },
    "node_modules/openai": {
      "version": "7.30.0",
      "resolved": "https://registry.npmjs.org/openai/-/openai-7.30.0.tgz",
      "integrity": "sha512-tvvcPdhS56B/79o0mJS5h4JndAov5Sz78T7CFl4gJ+C9S3GoSqHNLO6lG/8kdK+/c13zWEI97Srf66ar0V242g==",
      "license": "Apache-2.0",
      "engines": {
        "node": ">=22.0.0"
      },
      "peerDependencies": {
        "@aws-sdk/credential-provider-node": ">=3.972.0 <4",
        "@smithy/hash-node": ">=4.3.0 <5",
        "@smithy/signature-v4": ">=5.4.0 <6",
        "undici": ">=5 <9",
        "ws": "^8.21.0",
        "zod": "^3.25 || ^4.0"
      },
      "peerDependenciesMeta": {
        "@aws-sdk/credential-provider-node": {
          "optional": true
        },
        "@smithy/hash-node": {
          "optional": true
        },
        "@smithy/signature-v4": {
          "optional": true
        },
        "undici": {
          "optional": true
        },
        "ws": {
          "optional": true
        },
        "zod": {
          "optional": true
        }
      }
    },
    "node_modules/phoenix": {
      "version": "1.8.15",
      "resolved": "https://registry.npmjs.org/phoenix/-/phoenix-1.8.15.tgz",
      "integrity": "sha512-AU2t9smrLcSy7DF1ic3VKDVNmjnhcsOgdeXBiVrR29BgFLmO4EN+tyGx/lRY3naxl7eJtyLrnlBOfJu8gYvXdQ==",
      "license": "MIT"
    },
    "node_modules/ws": {
      "version": "8.22.0",
      "resolved": "https://registry.npmjs.org/ws/-/ws-8.22.0.tgz",
      "integrity": "sha512-Ydggc987+RO0AnWtZ/7Wq9FtNvcrL1b/RO0ud9mWjUPgDrsAAwQSF51sm2hm1XofbU/4jkpGEsLFsZZxU+1DOg==",
      "license": "MIT",
      "engines": {
        "node": ">=10.0.0"
      },
      "peerDependencies": {
        "bufferutil": "^4.0.1",
        "utf-8-validate": ">=5.0.2"
      },
      "peerDependenciesMeta": {
        "bufferutil": {
          "optional": true
        },
        "utf-8-validate": {
          "optional": true
        }
      }
    },
    "node_modules/zod": {
      "version": "4.6.5",
      "resolved": "https://registry.npmjs.org/zod/-/zod-4.6.5.tgz",
      "integrity": "sha512-v5l/aFXZQeai4awLbOpSoHecE9UiMrnfx75tEXLjNonXVARxQ5mOeipTjROUchszUNCqnE+hqAMujRsRHsut2Q==",
      "license": "MIT",
      "funding": {
        "url": "https://github.com/sponsors/colinhacks"
      }
    }
  }
}
